// !$*UTF8*$!
{
	archiveVersion = 1;
	classes = {
	};
	objectVersion = 50;
	objects = {

/* Begin PBXBuildFile section */
		650D9BD1207121F800629029 /* AppDelegate.swift in Sources */ = {isa = PBXBuildFile; fileRef = 650D9BD0207121F800629029 /* AppDelegate.swift */; };
		650D9BD3207121F800629029 /* ViewController.swift in Sources */ = {isa = PBXBuildFile; fileRef = 650D9BD2207121F800629029 /* ViewController.swift */; };
		650D9BD6207121F800629029 /* Main.storyboard in Resources */ = {isa = PBXBuildFile; fileRef = 650D9BD4207121F800629029 /* Main.storyboard */; };
		650D9BD8207121F900629029 /* Assets.xcassets in Resources */ = {isa = PBXBuildFile; fileRef = 650D9BD7207121F900629029 /* Assets.xcassets */; };
		650D9BDB207121F900629029 /* LaunchScreen.storyboard in Resources */ = {isa = PBXBuildFile; fileRef = 650D9BD9207121F900629029 /* LaunchScreen.storyboard */; };
		650D9BE32071238700629029 /* HomeViewController.swift in Sources */ = {isa = PBXBuildFile; fileRef = 650D9BE22071238700629029 /* HomeViewController.swift */; };
		650D9BE5207126C400629029 /* MenuBar.swift in Sources */ = {isa = PBXBuildFile; fileRef = 650D9BE4207126C400629029 /* MenuBar.swift */; };
/* End PBXBuildFile section */

/* Begin PBXFileReference section */
		650D9BCD207121F800629029 /* HorizonalPageScrellDemo.app */ = {isa = PBXFileReference; explicitFileType = wrapper.application; includeInIndex = 0; path = HorizonalPageScrellDemo.app; sourceTree = BUILT_PRODUCTS_DIR; };
		650D9BD0207121F800629029 /* AppDelegate.swift */ = {isa = PBXFileReference; lastKnownFileType = sourcecode.swift; path = AppDelegate.swift; sourceTree = "<group>"; };
		650D9BD2207121F800629029 /* ViewController.swift */ = {isa = PBXFileReference; lastKnownFileType = sourcecode.swift; path = ViewController.swift; sourceTree = "<group>"; };
		650D9BD5207121F800629029 /* Base */ = {isa = PBXFileReference; lastKnownFileType = file.storyboard; name = Base; path = Base.lproj/Main.storyboard; sourceTree = "<group>"; };
		650D9BD7207121F900629029 /* Assets.xcassets */ = {isa = PBXFileReference; lastKnownFileType = folder.assetcatalog; path = Assets.xcassets; sourceTree = "<group>"; };
		650D9BDA207121F900629029 /* Base */ = {isa = PBXFileReference; lastKnownFileType = file.storyboard; name = Base; path = Base.lproj/LaunchScreen.storyboard; sourceTree = "<group>"; };
		650D9BDC207121F900629029 /* Info.plist */ = {isa = PBXFileReference; lastKnownFileType = text.plist.xml; path = Info.plist; sourceTree = "<group>"; };
		650D9BE22071238700629029 /* HomeViewController.swift */ = {isa = PBXFileReference; lastKnownFileType = sourcecode.swift; path = HomeViewController.swift; sourceTree = "<group>"; };
		650D9BE4207126C400629029 /* MenuBar.swift */ = {isa = PBXFileReference; lastKnownFileType = sourcecode.swift; path = MenuBar.swift; sourceTree = "<group>"; };
/* End PBXFileReference section */

/* Begin PBXFrameworksBuildPhase section */
		650D9BCA207121F800629029 /* Frameworks */ = {
			isa = PBXFrameworksBuildPhase;
			buildActionMask = 2147483647;
			files = (
			);
			runOnlyForDeploymentPostprocessing = 0;
		};
/* End PBXFrameworksBuildPhase section */

/* Begin PBXGroup section */
		650D9BC4207121F800629029 = {
			isa = PBXGroup;
			children = (
				650D9BCF207121F800629029 /* HorizonalPageScrellDemo */,
				650D9BCE207121F800629029 /* Products */,
			);
			sourceTree = "<group>";
		};
		650D9BCE207121F800629029 /* Products */ = {
			isa = PBXGroup;
			children = (
				650D9BCD207121F800629029 /* HorizonalPageScrellDemo.app */,
			);
			name = Products;
			sourceTree = "<group>";
		};
		650D9BCF207121F800629029 /* HorizonalPageScrellDemo */ = {
			isa = PBXGroup;
			children = (
				650D9BD0207121F800629029 /* AppDelegate.swift */,
				650D9BD2207121F800629029 /* ViewController.swift */,
				650D9BD4207121F800629029 /* Main.storyboard */,
				650D9BD7207121F900629029 /* Assets.xcassets */,
				650D9BD9207121F900629029 /* LaunchScreen.storyboard */,
				650D9BDC207121F900629029 /* Info.plist */,
				650D9BE22071238700629029 /* HomeViewController.swift */,
				650D9BE4207126C400629029 /* MenuBar.swift */,
			);
			path = HorizonalPageScrellDemo;
			sourceTree = "<group>";
		};
/* End PBXGroup section */

/* Begin PBXNativeTarget section */
		650D9BCC207121F800629029 /* HorizonalPageScrellDemo */ = {
			isa = PBXNativeTarget;
			buildConfigurationList = 650D9BDF207121F900629029 /* Build configuration list for PBXNativeTarget "HorizonalPageScrellDemo" */;
			buildPhases = (
				650D9BC9207121F800629029 /* Sources */,
				650D9BCA207121F800629029 /* Frameworks */,
				650D9BCB207121F800629029 /* Resources */,
			);
			buildRules = (
			);
			dependencies = (
			);
			name = HorizonalPageScrellDemo;
			productName = HorizonalPageScrellDemo;
			productReference = 650D9BCD207121F800629029 /* HorizonalPageScrellDemo.app */;
			productType = "com.apple.product-type.application";
		};
/* End PBXNativeTarget section */

/* Begin PBXProject section */
		650D9BC5207121F800629029 /* Project object */ = {
			isa = PBXProject;
			attributes = {
				LastSwiftUpdateCheck = 0930;
				LastUpgradeCheck = 0930;
				ORGANIZATIONNAME = Travostyle;
				TargetAttributes = {
					650D9BCC207121F800629029 = {
						CreatedOnToolsVersion = 9.3;
					};
				};
			};
			buildConfigurationList = 650D9BC8207121F800629029 /* Build configuration list for PBXProject "HorizonalPageScrellDemo" */;
			compatibilityVersion = "Xcode 9.3";
			developmentRegion = en;
			hasScannedForEncodings = 0;
			knownRegions = (
				en,
				Base,
			);
			mainGroup = 650D9BC4207121F800629029;
			productRefGroup = 650D9BCE207121F800629029 /* Products */;
			projectDirPath = "";
			projectRoot = "";
			targets = (
				650D9BCC207121F800629029 /* HorizonalPageScrellDemo */,
			);
		};
/* End PBXProject section */

/* Begin PBXResourcesBuildPhase section */
		650D9BCB207121F800629029 /* Resources */ = {
			isa = PBXResourcesBuildPhase;
			buildActionMask = 2147483647;
			files = (
				650D9BDB207121F900629029 /* LaunchScreen.storyboard in Resources */,
				650D9BD8207121F900629029 /* Assets.xcassets in Resources */,
				650D9BD6207121F800629029 /* Main.storyboard in Resources */,
			);
			runOnlyForDeploymentPostprocessing = 0;
		};
/* End PBXResourcesBuildPhase section */

/* Begin PBXSourcesBuildPhase section */
		650D9BC9207121F800629029 /* Sources */ = {
			isa = PBXSourcesBuildPhase;
			buildActionMask = 2147483647;
			files = (
				650D9BD3207121F800629029 /* ViewController.swift in Sources */,
				650D9BD1207121F800629029 /* AppDelegate.swift in Sources */,
				650D9BE5207126C400629029 /* MenuBar.swift in Sources */,
				650D9BE32071238700629029 /* HomeViewController.swift in Sources */,
			);
			runOnlyForDeploymentPostprocessing = 0;
		};
/* End PBXSourcesBuildPhase section */

/* Begin PBXVariantGroup section */
		650D9BD4207121F800629029 /* Main.storyboard */ = {
			isa = PBXVariantGroup;
			children = (
				650D9BD5207121F800629029 /* Base */,
			);
			name = Main.storyboard;
			sourceTree = "<group>";
		};
		650D9BD9207121F900629029 /* LaunchScreen.storyboard */ = {
			isa = PBXVariantGroup;
			children = (
				650D9BDA207121F900629029 /* Base */,
			);
			name = LaunchScreen.storyboard;
			sourceTree = "<group>";
		};
/* End PBXVariantGroup section */

/* Begin XCBuildConfiguration section */
		650D9BDD207121F900629029 /* Debug */ = {
			isa = XCBuildConfiguration;
			buildSettings = {
				ALWAYS_SEARCH_USER_PATHS = NO;
				CLANG_ANALYZER_NONNULL = YES;
				CLANG_ANALYZER_NUMBER_OBJECT_CONVERSION = YES_AGGRESSIVE;
				CLANG_CXX_LANGUAGE_STANDARD = "gnu++14";
				CLANG_CXX_LIBRARY = "libc++";
				CLANG_ENABLE_MODULES = YES;
				CLANG_ENABLE_OBJC_ARC = YES;
				CLANG_ENABLE_OBJC_WEAK = YES;
				CLANG_WARN_BLOCK_CAPTURE_AUTORELEASING = YES;
				CLANG_WARN_BOOL_CONVERSION = YES;
				CLANG_WARN_COMMA = YES;
				CLANG_WARN_CONSTANT_CONVERSION = YES;
				CLANG_WARN_DEPRECATED_OBJC_IMPLEMENTATIONS = YES;
				CLANG_WARN_DIRECT_OBJC_ISA_USAGE = YES_ERROR;
				CLANG_WARN_DOCUMENTATION_COMMENTS = YES;
				CLANG_WARN_EMPTY_BODY = YES;
				CLANG_WARN_ENUM_CONVERSION = YES;
				CLANG_WARN_INFINITE_RECURSION = YES;
				CLANG_WARN_INT_CONVERSION = YES;
				CLANG_WARN_NON_LITERAL_NULL_CONVERSION = YES;
				CLANG_WARN_OBJC_IMPLICIT_RETAIN_SELF = YES;
				CLANG_WARN_OBJC_LITERAL_CONVERSION = YES;
				CLANG_WARN_OBJC_ROOT_CLASS = YES_ERROR;
				CLANG_WARN_RANGE_LOOP_ANALYSIS = YES;
				CLANG_WARN_STRICT_PROTOTYPES = YES;
				CLANG_WARN_SUSPICIOUS_MOVE = YES;
				CLANG_WARN_UNGUARDED_AVAILABILITY = YES_AGGRESSIVE;
				CLANG_WARN_UNREACHABLE_CODE = YES;
				CLANG_WARN__DUPLICATE_METHOD_MATCH = YES;
				CODE_SIGN_IDENTITY = "iPhone Developer";
				COPY_PHASE_STRIP = NO;
				DEBUG_INFORMATION_FORMAT = dwarf;
				ENABLE_STRICT_OBJC_MSGSEND = YES;
				ENABLE_TESTABILITY = YES;
				GCC_C_LANGUAGE_STANDARD = gnu11;
				GCC_DYNAMIC_NO_PIC = NO;
				GCC_NO_COMMON_BLOCKS = YES;
				GCC_OPTIMIZATION_LEVEL = 0;
				GCC_PREPROCESSOR_DEFINITIONS = (
					"DEBUG=1",
					"$(inherited)",
				);
				GCC_WARN_64_TO_32_BIT_CONVERSION = YES;
				GCC_WARN_ABOUT_RETURN_TYPE = YES_ERROR;
				GCC_WARN_UNDECLARED_SELECTOR = YES;
				GCC_WARN_UNINITIALIZED_AUTOS = YES_AGGRESSIVE;
				GCC_WARN_UNUSED_FUNCTION = YES;
				GCC_WARN_UNUSED_VARIABLE = YES;
				IPHONEOS_DEPLOYMENT_TARGET = 11.3;
				MTL_ENABLE_DEBUG_INFO = YES;
				ONLY_ACTIVE_ARCH = YES;
				SDKROOT = iphoneos;
				SWIFT_ACTIVE_COMPILATION_CONDITIONS = DEBUG;
				SWIFT_OPTIMIZATION_LEVEL = "-Onone";
			};
			name = Debug;
		};
		650D9BDE207121F900629029 /* Release */ = {
			isa = XCBuildConfiguration;
			buildSettings = {
				ALWAYS_SEARCH_USER_PATHS = NO;
				CLANG_ANALYZER_NONNULL = YES;
				CLANG_ANALYZER_NUMBER_OBJECT_CONVERSION = YES_AGGRESSIVE;
				CLANG_CXX_LANGUAGE_STANDARD = "gnu++14";
				CLANG_CXX_LIBRARY = "libc++";
				CLANG_ENABLE_MODULES = YES;
				CLANG_ENABLE_OBJC_ARC = YES;
				CLANG_ENABLE_OBJC_WEAK = YES;
				CLANG_WARN_BLOCK_CAPTURE_AUTORELEASING = YES;
				CLANG_WARN_BOOL_CONVERSION = YES;
				CLANG_WARN_COMMA = YES;
				CLANG_WARN_CONSTANT_CONVERSION = YES;
				CLANG_WARN_DEPRECATED_OBJC_IMPLEMENTATIONS = YES;
				CLANG_WARN_DIRECT_OBJC_ISA_USAGE = YES_ERROR;
				CLANG_WARN_DOCUMENTATION_COMMENTS = YES;
				CLANG_WARN_EMPTY_BODY = YES;
				CLANG_WARN_ENUM_CONVERSION = YES;
				CLANG_WARN_INFINITE_RECURSION = YES;
				CLANG_WARN_INT_CONVERSION = YES;
				CLANG_WARN_NON_LITERAL_NULL_CONVERSION = YES;
				CLANG_WARN_OBJC_IMPLICIT_RETAIN_SELF = YES;
				CLANG_WARN_OBJC_LITERAL_CONVERSION = YES;
				CLANG_WARN_OBJC_ROOT_CLASS = YES_ERROR;
				CLANG_WARN_RANGE_LOOP_ANALYSIS = YES;
				CLANG_WARN_STRICT_PROTOTYPES = YES;
				CLANG_WARN_SUSPICIOUS_MOVE = YES;
				CLANG_WARN_UNGUARDED_AVAILABILITY = YES_AGGRESSIVE;
				CLANG_WARN_UNREACHABLE_CODE = YES;
				CLANG_WARN__DUPLICATE_METHOD_MATCH = YES;
				CODE_SIGN_IDENTITY = "iPhone Developer";
				COPY_PHASE_STRIP = NO;
				DEBUG_INFORMATION_FORMAT = "dwarf-with-dsym";
				ENABLE_NS_ASSERTIONS = NO;
				ENABLE_STRICT_OBJC_MSGSEND = YES;
				GCC_C_LANGUAGE_STANDARD = gnu11;
				GCC_NO_COMMON_BLOCKS = YES;
				GCC_WARN_64_TO_32_BIT_CONVERSION = YES;
				GCC_WARN_ABOUT_RETURN_TYPE = YES_ERROR;
				GCC_WARN_UNDECLARED_SELECTOR = YES;
				GCC_WARN_UNINITIALIZED_AUTOS = YES_AGGRESSIVE;
				GCC_WARN_UNUSED_FUNCTION = YES;
				GCC_WARN_UNUSED_VARIABLE = YES;
				IPHONEOS_DEPLOYMENT_TARGET = 11.3;
				MTL_ENABLE_DEBUG_INFO = NO;
				SDKROOT = iphoneos;
				SWIFT_COMPILATION_MODE = wholemodule;
				SWIFT_OPTIMIZATION_LEVEL = "-O";
				VALIDATE_PRODUCT = YES;
			};
			name = Release;
		};
		650D9BE0207121F900629029 /* Debug */ = {
			isa = XCBuildConfiguration;
			buildSettings = {
				ASSETCATALOG_COMPILER_APPICON_NAME = AppIcon;
				CODE_SIGN_STYLE = Automatic;
				DEVELOPMENT_TEAM = G62233X968;
				INFOPLIST_FILE = HorizonalPageScrellDemo/Info.plist;
				LD_RUNPATH_SEARCH_PATHS = (
					"$(inherited)",
					"@executable_path/Frameworks",
				);
				PRODUCT_BUNDLE_IDENTIFIER = com.travostyle.HorizonalPageScrellDemo;
				PRODUCT_NAME = "$(TARGET_NAME)";
				SWIFT_VERSION = 4.0;
				TARGETED_DEVICE_FAMILY = "1,2";
			};
			name = Debug;
		};
		650D9BE1207121F900629029 /* Release */ = {
			isa = XCBuildConfiguration;
			buildSettings = {
				ASSETCATALOG_COMPILER_APPICON_NAME = AppIcon;
				CODE_SIGN_STYLE = Automatic;
				DEVELOPMENT_TEAM = G62233X968;
				INFOPLIST_FILE = HorizonalPageScrellDemo/Info.plist;
				LD_RUNPATH_SEARCH_PATHS = (
					"$(inherited)",
					"@executable_path/Frameworks",
				);
				PRODUCT_BUNDLE_IDENTIFIER = com.travostyle.HorizonalPageScrellDemo;
				PRODUCT_NAME = "$(TARGET_NAME)";
				SWIFT_VERSION = 4.0;
				TARGETED_DEVICE_FAMILY = "1,2";
			};
			name = Release;
		};
/* End XCBuildConfiguration section */

/* Begin XCConfigurationList section */
		650D9BC8207121F800629029 /* Build configuration list for PBXProject "HorizonalPageScrellDemo" */ = {
			isa = XCConfigurationList;
			buildConfigurations = (
				650D9BDD207121F900629029 /* Debug */,
				650D9BDE207121F900629029 /* Release */,
			);
			defaultConfigurationIsVisible = 0;
			defaultConfigurationName = Release;
		};
		650D9BDF207121F900629029 /* Build configuration list for PBXNativeTarget "HorizonalPageScrellDemo" */ = {
			isa = XCConfigurationList;
			buildConfigurations = (
				650D9BE0207121F900629029 /* Debug */,
				650D9BE1207121F900629029 /* Release */,
			);
			defaultConfigurationIsVisible = 0;
			defaultConfigurationName = Release;
		};
/* End XCConfigurationList section */
	};
	rootObject = 650D9BC5207121F800629029 /* Project object */;
}
