// !$*UTF8*$!
{
	archiveVersion = 1;
	classes = {
	};
	objectVersion = 48;
	objects = {

/* Begin PBXBuildFile section */
		2F2095E3FA390B84D3888B32 /* Pods_AllInOne.framework in Frameworks */ = {isa = PBXBuildFile; fileRef = 7621C403D1A1EFDD3096FD0B /* Pods_AllInOne.framework */; };
		56AB66354DB80ADF29173D18 /* Pods_AllInOneUITests.framework in Frameworks */ = {isa = PBXBuildFile; fileRef = 5F28262368566F53FC7D712A /* Pods_AllInOneUITests.framework */; };
		6516F8071FF4FB3700B1AC25 /* GoogleService-Info.plist in Resources */ = {isa = PBXBuildFile; fileRef = 6516F8061FF4FB3700B1AC25 /* GoogleService-Info.plist */; };
		6516F8091FF4FDB100B1AC25 /* Schedule.swift in Sources */ = {isa = PBXBuildFile; fileRef = 6516F8081FF4FDB100B1AC25 /* Schedule.swift */; };
		6516F80C1FF5028400B1AC25 /* ScheduleTableViewCell.swift in Sources */ = {isa = PBXBuildFile; fileRef = 6516F80A1FF5028400B1AC25 /* ScheduleTableViewCell.swift */; };
		6516F80D1FF5028400B1AC25 /* ScheduleTableViewCell.xib in Resources */ = {isa = PBXBuildFile; fileRef = 6516F80B1FF5028400B1AC25 /* ScheduleTableViewCell.xib */; };
		6516F8141FF5041400B1AC25 /* ScheduleAddViewController.swift in Sources */ = {isa = PBXBuildFile; fileRef = 6516F8121FF5041400B1AC25 /* ScheduleAddViewController.swift */; };
		6516F8151FF5041400B1AC25 /* ScheduleAddViewController.xib in Resources */ = {isa = PBXBuildFile; fileRef = 6516F8131FF5041400B1AC25 /* ScheduleAddViewController.xib */; };
		65AD08E920032C7C00DBD9E7 /* SignUpViewController.swift in Sources */ = {isa = PBXBuildFile; fileRef = 65AD08E720032C7C00DBD9E7 /* SignUpViewController.swift */; };
		65AD08EA20032C7C00DBD9E7 /* SignUpViewController.xib in Resources */ = {isa = PBXBuildFile; fileRef = 65AD08E820032C7C00DBD9E7 /* SignUpViewController.xib */; };
		65AD08ED20032C9400DBD9E7 /* LogInViewController.swift in Sources */ = {isa = PBXBuildFile; fileRef = 65AD08EB20032C9400DBD9E7 /* LogInViewController.swift */; };
		65AD08EE20032C9400DBD9E7 /* LogInViewController.xib in Resources */ = {isa = PBXBuildFile; fileRef = 65AD08EC20032C9400DBD9E7 /* LogInViewController.xib */; };
		65AD08F120032EC900DBD9E7 /* ResetPasswordViewController.swift in Sources */ = {isa = PBXBuildFile; fileRef = 65AD08EF20032EC900DBD9E7 /* ResetPasswordViewController.swift */; };
		65AD08F220032EC900DBD9E7 /* ResetPasswordViewController.xib in Resources */ = {isa = PBXBuildFile; fileRef = 65AD08F020032EC900DBD9E7 /* ResetPasswordViewController.xib */; };
		65E0D3DD1FFF2A3E003B781E /* ShopListTableViewCell.swift in Sources */ = {isa = PBXBuildFile; fileRef = 65E0D3DB1FFF2A3E003B781E /* ShopListTableViewCell.swift */; };
		65E0D3DE1FFF2A3E003B781E /* ShopListTableViewCell.xib in Resources */ = {isa = PBXBuildFile; fileRef = 65E0D3DC1FFF2A3E003B781E /* ShopListTableViewCell.xib */; };
		AC36D4F41FEE00F500BF94E6 /* AppDelegate.swift in Sources */ = {isa = PBXBuildFile; fileRef = AC36D4F31FEE00F500BF94E6 /* AppDelegate.swift */; };
		AC36D4F61FEE00F500BF94E6 /* ViewController.swift in Sources */ = {isa = PBXBuildFile; fileRef = AC36D4F51FEE00F500BF94E6 /* ViewController.swift */; };
		AC36D4F91FEE00F500BF94E6 /* Main.storyboard in Resources */ = {isa = PBXBuildFile; fileRef = AC36D4F71FEE00F500BF94E6 /* Main.storyboard */; };
		AC36D4FC1FEE00F500BF94E6 /* AllInOne.xcdatamodeld in Sources */ = {isa = PBXBuildFile; fileRef = AC36D4FA1FEE00F500BF94E6 /* AllInOne.xcdatamodeld */; };
		AC36D4FE1FEE00F500BF94E6 /* Assets.xcassets in Resources */ = {isa = PBXBuildFile; fileRef = AC36D4FD1FEE00F500BF94E6 /* Assets.xcassets */; };
		AC36D5011FEE00F500BF94E6 /* LaunchScreen.storyboard in Resources */ = {isa = PBXBuildFile; fileRef = AC36D4FF1FEE00F500BF94E6 /* LaunchScreen.storyboard */; };
		AC36D50C1FEE00F500BF94E6 /* AllInOneTests.swift in Sources */ = {isa = PBXBuildFile; fileRef = AC36D50B1FEE00F500BF94E6 /* AllInOneTests.swift */; };
		AC36D5171FEE00F500BF94E6 /* AllInOneUITests.swift in Sources */ = {isa = PBXBuildFile; fileRef = AC36D5161FEE00F500BF94E6 /* AllInOneUITests.swift */; };
		AC36D5291FEE0A5100BF94E6 /* MainViewController.swift in Sources */ = {isa = PBXBuildFile; fileRef = AC36D5281FEE0A5100BF94E6 /* MainViewController.swift */; };
		AC36D52C1FEE0B6B00BF94E6 /* HomeViewController.swift in Sources */ = {isa = PBXBuildFile; fileRef = AC36D52A1FEE0B6B00BF94E6 /* HomeViewController.swift */; };
		AC36D52D1FEE0B6B00BF94E6 /* HomeViewController.xib in Resources */ = {isa = PBXBuildFile; fileRef = AC36D52B1FEE0B6B00BF94E6 /* HomeViewController.xib */; };
		AC36D5361FEE101F00BF94E6 /* HomeTableViewCell.swift in Sources */ = {isa = PBXBuildFile; fileRef = AC36D5341FEE101F00BF94E6 /* HomeTableViewCell.swift */; };
		AC36D5371FEE101F00BF94E6 /* HomeTableViewCell.xib in Resources */ = {isa = PBXBuildFile; fileRef = AC36D5351FEE101F00BF94E6 /* HomeTableViewCell.xib */; };
		AC36D53A1FEE147000BF94E6 /* MapViewController.swift in Sources */ = {isa = PBXBuildFile; fileRef = AC36D5381FEE147000BF94E6 /* MapViewController.swift */; };
		AC36D53B1FEE147000BF94E6 /* MapViewController.xib in Resources */ = {isa = PBXBuildFile; fileRef = AC36D5391FEE147000BF94E6 /* MapViewController.xib */; };
		AC36D53E1FEE153700BF94E6 /* SettingsViewController.swift in Sources */ = {isa = PBXBuildFile; fileRef = AC36D53C1FEE153700BF94E6 /* SettingsViewController.swift */; };
		AC36D53F1FEE153700BF94E6 /* SettingsViewController.xib in Resources */ = {isa = PBXBuildFile; fileRef = AC36D53D1FEE153700BF94E6 /* SettingsViewController.xib */; };
		AC36D5421FEE157400BF94E6 /* ScheduleViewController.swift in Sources */ = {isa = PBXBuildFile; fileRef = AC36D5401FEE157400BF94E6 /* ScheduleViewController.swift */; };
		AC36D5431FEE157400BF94E6 /* ScheduleViewController.xib in Resources */ = {isa = PBXBuildFile; fileRef = AC36D5411FEE157400BF94E6 /* ScheduleViewController.xib */; };
		AC36D54A1FEE226400BF94E6 /* HotArticle.swift in Sources */ = {isa = PBXBuildFile; fileRef = AC36D5491FEE226400BF94E6 /* HotArticle.swift */; };
		AC36D54D1FEE4BB600BF94E6 /* DetailViewController.swift in Sources */ = {isa = PBXBuildFile; fileRef = AC36D54B1FEE4BB600BF94E6 /* DetailViewController.swift */; };
		AC36D54E1FEE4BB600BF94E6 /* DetailViewController.xib in Resources */ = {isa = PBXBuildFile; fileRef = AC36D54C1FEE4BB600BF94E6 /* DetailViewController.xib */; };
		AC706C0E20012146008492B6 /* FavoriteManager.swift in Sources */ = {isa = PBXBuildFile; fileRef = AC706C0D20012146008492B6 /* FavoriteManager.swift */; };
		AC706C1120012935008492B6 /* FavoriteShopViewController.swift in Sources */ = {isa = PBXBuildFile; fileRef = AC706C0F20012935008492B6 /* FavoriteShopViewController.swift */; };
		AC706C1220012935008492B6 /* FavoriteShopViewController.xib in Resources */ = {isa = PBXBuildFile; fileRef = AC706C1020012935008492B6 /* FavoriteShopViewController.xib */; };
		AC706C152001DA2C008492B6 /* CameraViewController.swift in Sources */ = {isa = PBXBuildFile; fileRef = AC706C132001DA2C008492B6 /* CameraViewController.swift */; };
		AC706C162001DA2C008492B6 /* CameraViewController.xib in Resources */ = {isa = PBXBuildFile; fileRef = AC706C142001DA2C008492B6 /* CameraViewController.xib */; };
		AC706C192001E56D008492B6 /* PhotoPickerViewController.swift in Sources */ = {isa = PBXBuildFile; fileRef = AC706C172001E56D008492B6 /* PhotoPickerViewController.swift */; };
		AC706C1A2001E56D008492B6 /* PhotoPickerViewController.xib in Resources */ = {isa = PBXBuildFile; fileRef = AC706C182001E56D008492B6 /* PhotoPickerViewController.xib */; };
		AC86E0CF1FEEAB2D00427C30 /* RestfulRequestManager.swift in Sources */ = {isa = PBXBuildFile; fileRef = AC86E0CE1FEEAB2D00427C30 /* RestfulRequestManager.swift */; };
		AC86E0D31FEEBB3700427C30 /* app.plist in Resources */ = {isa = PBXBuildFile; fileRef = AC86E0D21FEEBB3700427C30 /* app.plist */; };
		AC86E0D51FEEBB5E00427C30 /* Settings.plist in Resources */ = {isa = PBXBuildFile; fileRef = AC86E0D41FEEBB5E00427C30 /* Settings.plist */; };
		AC8C067F1FF7D15100018CFB /* QRCodeScanViewController.swift in Sources */ = {isa = PBXBuildFile; fileRef = AC8C067D1FF7D15100018CFB /* QRCodeScanViewController.swift */; };
		AC8C06801FF7D15100018CFB /* QRCodeScanViewController.xib in Resources */ = {isa = PBXBuildFile; fileRef = AC8C067E1FF7D15100018CFB /* QRCodeScanViewController.xib */; };
		AC8C06831FF7DD7000018CFB /* ControlDeviceViewController.swift in Sources */ = {isa = PBXBuildFile; fileRef = AC8C06811FF7DD7000018CFB /* ControlDeviceViewController.swift */; };
		AC8C06841FF7DD7000018CFB /* ControlDeviceViewController.xib in Resources */ = {isa = PBXBuildFile; fileRef = AC8C06821FF7DD7000018CFB /* ControlDeviceViewController.xib */; };
		AC91804220006E4300D4502F /* ShopDetailViewController.swift in Sources */ = {isa = PBXBuildFile; fileRef = AC91804020006E4300D4502F /* ShopDetailViewController.swift */; };
		AC91804320006E4300D4502F /* ShopDetailViewController.xib in Resources */ = {isa = PBXBuildFile; fileRef = AC91804120006E4300D4502F /* ShopDetailViewController.xib */; };
		ACA136F51FEF4DE60088B2CC /* InstructionViewController.swift in Sources */ = {isa = PBXBuildFile; fileRef = ACA136F31FEF4DE60088B2CC /* InstructionViewController.swift */; };
		ACA136F61FEF4DE60088B2CC /* InstructionViewController.xib in Resources */ = {isa = PBXBuildFile; fileRef = ACA136F41FEF4DE60088B2CC /* InstructionViewController.xib */; };
		ACA136F81FEF50CC0088B2CC /* LocationService.swift in Sources */ = {isa = PBXBuildFile; fileRef = ACA136F71FEF50CC0088B2CC /* LocationService.swift */; };
		ACA1C2111FF8750F00307B52 /* Shop.swift in Sources */ = {isa = PBXBuildFile; fileRef = ACA1C2101FF8750F00307B52 /* Shop.swift */; };
		ACA1C2151FF9E5F700307B52 /* YahooLocalManager.swift in Sources */ = {isa = PBXBuildFile; fileRef = ACA1C2141FF9E5F700307B52 /* YahooLocalManager.swift */; };
		ACA481391FFA484D00BF4490 /* APIService.swift in Sources */ = {isa = PBXBuildFile; fileRef = ACA481381FFA484D00BF4490 /* APIService.swift */; };
		ACA4813B1FFA543500BF4490 /* ShopListViewController.swift in Sources */ = {isa = PBXBuildFile; fileRef = ACA4813A1FFA543500BF4490 /* ShopListViewController.swift */; };
		ED891551507B7A8700935000 /* Pods_AllInOneTests.framework in Frameworks */ = {isa = PBXBuildFile; fileRef = 04CF3148F81876E0E8452EEB /* Pods_AllInOneTests.framework */; };
/* End PBXBuildFile section */

/* Begin PBXContainerItemProxy section */
		AC36D5081FEE00F500BF94E6 /* PBXContainerItemProxy */ = {
			isa = PBXContainerItemProxy;
			containerPortal = AC36D4E81FEE00F500BF94E6 /* Project object */;
			proxyType = 1;
			remoteGlobalIDString = AC36D4EF1FEE00F500BF94E6;
			remoteInfo = AllInOne;
		};
		AC36D5131FEE00F500BF94E6 /* PBXContainerItemProxy */ = {
			isa = PBXContainerItemProxy;
			containerPortal = AC36D4E81FEE00F500BF94E6 /* Project object */;
			proxyType = 1;
			remoteGlobalIDString = AC36D4EF1FEE00F500BF94E6;
			remoteInfo = AllInOne;
		};
/* End PBXContainerItemProxy section */

/* Begin PBXFileReference section */
		00BAFDAED9F36B83F128F30F /* Pods-AllInOne.release.xcconfig */ = {isa = PBXFileReference; includeInIndex = 1; lastKnownFileType = text.xcconfig; name = "Pods-AllInOne.release.xcconfig"; path = "Pods/Target Support Files/Pods-AllInOne/Pods-AllInOne.release.xcconfig"; sourceTree = "<group>"; };
		04CF3148F81876E0E8452EEB /* Pods_AllInOneTests.framework */ = {isa = PBXFileReference; explicitFileType = wrapper.framework; includeInIndex = 0; path = Pods_AllInOneTests.framework; sourceTree = BUILT_PRODUCTS_DIR; };
		0714981BB38B47F71F9245D5 /* Pods-AllInOneTests.release.xcconfig */ = {isa = PBXFileReference; includeInIndex = 1; lastKnownFileType = text.xcconfig; name = "Pods-AllInOneTests.release.xcconfig"; path = "Pods/Target Support Files/Pods-AllInOneTests/Pods-AllInOneTests.release.xcconfig"; sourceTree = "<group>"; };
		4AB819DAA068D99AC45754AE /* Pods-AllInOneUITests.release.xcconfig */ = {isa = PBXFileReference; includeInIndex = 1; lastKnownFileType = text.xcconfig; name = "Pods-AllInOneUITests.release.xcconfig"; path = "Pods/Target Support Files/Pods-AllInOneUITests/Pods-AllInOneUITests.release.xcconfig"; sourceTree = "<group>"; };
		5F28262368566F53FC7D712A /* Pods_AllInOneUITests.framework */ = {isa = PBXFileReference; explicitFileType = wrapper.framework; includeInIndex = 0; path = Pods_AllInOneUITests.framework; sourceTree = BUILT_PRODUCTS_DIR; };
		6516F8061FF4FB3700B1AC25 /* GoogleService-Info.plist */ = {isa = PBXFileReference; fileEncoding = 4; lastKnownFileType = text.plist.xml; path = "GoogleService-Info.plist"; sourceTree = "<group>"; };
		6516F8081FF4FDB100B1AC25 /* Schedule.swift */ = {isa = PBXFileReference; lastKnownFileType = sourcecode.swift; path = Schedule.swift; sourceTree = "<group>"; };
		6516F80A1FF5028400B1AC25 /* ScheduleTableViewCell.swift */ = {isa = PBXFileReference; lastKnownFileType = sourcecode.swift; path = ScheduleTableViewCell.swift; sourceTree = "<group>"; };
		6516F80B1FF5028400B1AC25 /* ScheduleTableViewCell.xib */ = {isa = PBXFileReference; lastKnownFileType = file.xib; path = ScheduleTableViewCell.xib; sourceTree = "<group>"; };
		6516F8121FF5041400B1AC25 /* ScheduleAddViewController.swift */ = {isa = PBXFileReference; lastKnownFileType = sourcecode.swift; path = ScheduleAddViewController.swift; sourceTree = "<group>"; };
		6516F8131FF5041400B1AC25 /* ScheduleAddViewController.xib */ = {isa = PBXFileReference; lastKnownFileType = file.xib; path = ScheduleAddViewController.xib; sourceTree = "<group>"; };
		65AD08E720032C7C00DBD9E7 /* SignUpViewController.swift */ = {isa = PBXFileReference; lastKnownFileType = sourcecode.swift; path = SignUpViewController.swift; sourceTree = "<group>"; };
		65AD08E820032C7C00DBD9E7 /* SignUpViewController.xib */ = {isa = PBXFileReference; lastKnownFileType = file.xib; path = SignUpViewController.xib; sourceTree = "<group>"; };
		65AD08EB20032C9400DBD9E7 /* LogInViewController.swift */ = {isa = PBXFileReference; lastKnownFileType = sourcecode.swift; path = LogInViewController.swift; sourceTree = "<group>"; };
		65AD08EC20032C9400DBD9E7 /* LogInViewController.xib */ = {isa = PBXFileReference; lastKnownFileType = file.xib; path = LogInViewController.xib; sourceTree = "<group>"; };
		65AD08EF20032EC900DBD9E7 /* ResetPasswordViewController.swift */ = {isa = PBXFileReference; lastKnownFileType = sourcecode.swift; path = ResetPasswordViewController.swift; sourceTree = "<group>"; };
		65AD08F020032EC900DBD9E7 /* ResetPasswordViewController.xib */ = {isa = PBXFileReference; lastKnownFileType = file.xib; path = ResetPasswordViewController.xib; sourceTree = "<group>"; };
		65E0D3DB1FFF2A3E003B781E /* ShopListTableViewCell.swift */ = {isa = PBXFileReference; lastKnownFileType = sourcecode.swift; path = ShopListTableViewCell.swift; sourceTree = "<group>"; };
		65E0D3DC1FFF2A3E003B781E /* ShopListTableViewCell.xib */ = {isa = PBXFileReference; lastKnownFileType = file.xib; path = ShopListTableViewCell.xib; sourceTree = "<group>"; };
		65FE4A431FF3A0E2005BCBD5 /* Debug.xcconfig */ = {isa = PBXFileReference; lastKnownFileType = text.xcconfig; path = Debug.xcconfig; sourceTree = "<group>"; };
		65FE4A441FF3A0EE005BCBD5 /* Release.xcconfig */ = {isa = PBXFileReference; lastKnownFileType = text.xcconfig; path = Release.xcconfig; sourceTree = "<group>"; };
		7621C403D1A1EFDD3096FD0B /* Pods_AllInOne.framework */ = {isa = PBXFileReference; explicitFileType = wrapper.framework; includeInIndex = 0; path = Pods_AllInOne.framework; sourceTree = BUILT_PRODUCTS_DIR; };
		A1EC1572C6A57FC36781E13A /* Pods-AllInOne.debug.xcconfig */ = {isa = PBXFileReference; includeInIndex = 1; lastKnownFileType = text.xcconfig; name = "Pods-AllInOne.debug.xcconfig"; path = "Pods/Target Support Files/Pods-AllInOne/Pods-AllInOne.debug.xcconfig"; sourceTree = "<group>"; };
		AC36D4F01FEE00F500BF94E6 /* AllInOne.app */ = {isa = PBXFileReference; explicitFileType = wrapper.application; includeInIndex = 0; path = AllInOne.app; sourceTree = BUILT_PRODUCTS_DIR; };
		AC36D4F31FEE00F500BF94E6 /* AppDelegate.swift */ = {isa = PBXFileReference; lastKnownFileType = sourcecode.swift; path = AppDelegate.swift; sourceTree = "<group>"; };
		AC36D4F51FEE00F500BF94E6 /* ViewController.swift */ = {isa = PBXFileReference; lastKnownFileType = sourcecode.swift; path = ViewController.swift; sourceTree = "<group>"; };
		AC36D4F81FEE00F500BF94E6 /* Base */ = {isa = PBXFileReference; lastKnownFileType = file.storyboard; name = Base; path = Base.lproj/Main.storyboard; sourceTree = "<group>"; };
		AC36D4FB1FEE00F500BF94E6 /* AllInOne.xcdatamodel */ = {isa = PBXFileReference; lastKnownFileType = wrapper.xcdatamodel; path = AllInOne.xcdatamodel; sourceTree = "<group>"; };
		AC36D4FD1FEE00F500BF94E6 /* Assets.xcassets */ = {isa = PBXFileReference; lastKnownFileType = folder.assetcatalog; path = Assets.xcassets; sourceTree = "<group>"; };
		AC36D5001FEE00F500BF94E6 /* Base */ = {isa = PBXFileReference; lastKnownFileType = file.storyboard; name = Base; path = Base.lproj/LaunchScreen.storyboard; sourceTree = "<group>"; };
		AC36D5021FEE00F500BF94E6 /* Info.plist */ = {isa = PBXFileReference; lastKnownFileType = text.plist.xml; path = Info.plist; sourceTree = "<group>"; };
		AC36D5071FEE00F500BF94E6 /* AllInOneTests.xctest */ = {isa = PBXFileReference; explicitFileType = wrapper.cfbundle; includeInIndex = 0; path = AllInOneTests.xctest; sourceTree = BUILT_PRODUCTS_DIR; };
		AC36D50B1FEE00F500BF94E6 /* AllInOneTests.swift */ = {isa = PBXFileReference; lastKnownFileType = sourcecode.swift; path = AllInOneTests.swift; sourceTree = "<group>"; };
		AC36D50D1FEE00F500BF94E6 /* Info.plist */ = {isa = PBXFileReference; lastKnownFileType = text.plist.xml; path = Info.plist; sourceTree = "<group>"; };
		AC36D5121FEE00F500BF94E6 /* AllInOneUITests.xctest */ = {isa = PBXFileReference; explicitFileType = wrapper.cfbundle; includeInIndex = 0; path = AllInOneUITests.xctest; sourceTree = BUILT_PRODUCTS_DIR; };
		AC36D5161FEE00F500BF94E6 /* AllInOneUITests.swift */ = {isa = PBXFileReference; lastKnownFileType = sourcecode.swift; path = AllInOneUITests.swift; sourceTree = "<group>"; };
		AC36D5181FEE00F500BF94E6 /* Info.plist */ = {isa = PBXFileReference; lastKnownFileType = text.plist.xml; path = Info.plist; sourceTree = "<group>"; };
		AC36D5281FEE0A5100BF94E6 /* MainViewController.swift */ = {isa = PBXFileReference; lastKnownFileType = sourcecode.swift; path = MainViewController.swift; sourceTree = "<group>"; };
		AC36D52A1FEE0B6B00BF94E6 /* HomeViewController.swift */ = {isa = PBXFileReference; lastKnownFileType = sourcecode.swift; path = HomeViewController.swift; sourceTree = "<group>"; };
		AC36D52B1FEE0B6B00BF94E6 /* HomeViewController.xib */ = {isa = PBXFileReference; lastKnownFileType = file.xib; path = HomeViewController.xib; sourceTree = "<group>"; };
		AC36D5341FEE101F00BF94E6 /* HomeTableViewCell.swift */ = {isa = PBXFileReference; lastKnownFileType = sourcecode.swift; path = HomeTableViewCell.swift; sourceTree = "<group>"; };
		AC36D5351FEE101F00BF94E6 /* HomeTableViewCell.xib */ = {isa = PBXFileReference; lastKnownFileType = file.xib; path = HomeTableViewCell.xib; sourceTree = "<group>"; };
		AC36D5381FEE147000BF94E6 /* MapViewController.swift */ = {isa = PBXFileReference; lastKnownFileType = sourcecode.swift; path = MapViewController.swift; sourceTree = "<group>"; };
		AC36D5391FEE147000BF94E6 /* MapViewController.xib */ = {isa = PBXFileReference; lastKnownFileType = file.xib; path = MapViewController.xib; sourceTree = "<group>"; };
		AC36D53C1FEE153700BF94E6 /* SettingsViewController.swift */ = {isa = PBXFileReference; lastKnownFileType = sourcecode.swift; path = SettingsViewController.swift; sourceTree = "<group>"; };
		AC36D53D1FEE153700BF94E6 /* SettingsViewController.xib */ = {isa = PBXFileReference; lastKnownFileType = file.xib; path = SettingsViewController.xib; sourceTree = "<group>"; };
		AC36D5401FEE157400BF94E6 /* ScheduleViewController.swift */ = {isa = PBXFileReference; lastKnownFileType = sourcecode.swift; path = ScheduleViewController.swift; sourceTree = "<group>"; };
		AC36D5411FEE157400BF94E6 /* ScheduleViewController.xib */ = {isa = PBXFileReference; lastKnownFileType = file.xib; path = ScheduleViewController.xib; sourceTree = "<group>"; };
		AC36D5491FEE226400BF94E6 /* HotArticle.swift */ = {isa = PBXFileReference; lastKnownFileType = sourcecode.swift; path = HotArticle.swift; sourceTree = "<group>"; };
		AC36D54B1FEE4BB600BF94E6 /* DetailViewController.swift */ = {isa = PBXFileReference; lastKnownFileType = sourcecode.swift; path = DetailViewController.swift; sourceTree = "<group>"; };
		AC36D54C1FEE4BB600BF94E6 /* DetailViewController.xib */ = {isa = PBXFileReference; lastKnownFileType = file.xib; path = DetailViewController.xib; sourceTree = "<group>"; };
		AC706C0D20012146008492B6 /* FavoriteManager.swift */ = {isa = PBXFileReference; lastKnownFileType = sourcecode.swift; path = FavoriteManager.swift; sourceTree = "<group>"; };
		AC706C0F20012935008492B6 /* FavoriteShopViewController.swift */ = {isa = PBXFileReference; lastKnownFileType = sourcecode.swift; path = FavoriteShopViewController.swift; sourceTree = "<group>"; };
		AC706C1020012935008492B6 /* FavoriteShopViewController.xib */ = {isa = PBXFileReference; lastKnownFileType = file.xib; path = FavoriteShopViewController.xib; sourceTree = "<group>"; };
		AC706C132001DA2C008492B6 /* CameraViewController.swift */ = {isa = PBXFileReference; lastKnownFileType = sourcecode.swift; path = CameraViewController.swift; sourceTree = "<group>"; };
		AC706C142001DA2C008492B6 /* CameraViewController.xib */ = {isa = PBXFileReference; lastKnownFileType = file.xib; path = CameraViewController.xib; sourceTree = "<group>"; };
		AC706C172001E56D008492B6 /* PhotoPickerViewController.swift */ = {isa = PBXFileReference; lastKnownFileType = sourcecode.swift; path = PhotoPickerViewController.swift; sourceTree = "<group>"; };
		AC706C182001E56D008492B6 /* PhotoPickerViewController.xib */ = {isa = PBXFileReference; lastKnownFileType = file.xib; path = PhotoPickerViewController.xib; sourceTree = "<group>"; };
		AC86E0CE1FEEAB2D00427C30 /* RestfulRequestManager.swift */ = {isa = PBXFileReference; lastKnownFileType = sourcecode.swift; path = RestfulRequestManager.swift; sourceTree = "<group>"; };
		AC86E0D21FEEBB3700427C30 /* app.plist */ = {isa = PBXFileReference; fileEncoding = 4; lastKnownFileType = text.plist.xml; path = app.plist; sourceTree = "<group>"; };
		AC86E0D41FEEBB5E00427C30 /* Settings.plist */ = {isa = PBXFileReference; lastKnownFileType = text.plist.xml; path = Settings.plist; sourceTree = "<group>"; };
		AC8C067D1FF7D15100018CFB /* QRCodeScanViewController.swift */ = {isa = PBXFileReference; lastKnownFileType = sourcecode.swift; path = QRCodeScanViewController.swift; sourceTree = "<group>"; };
		AC8C067E1FF7D15100018CFB /* QRCodeScanViewController.xib */ = {isa = PBXFileReference; lastKnownFileType = file.xib; path = QRCodeScanViewController.xib; sourceTree = "<group>"; };
		AC8C06811FF7DD7000018CFB /* ControlDeviceViewController.swift */ = {isa = PBXFileReference; lastKnownFileType = sourcecode.swift; path = ControlDeviceViewController.swift; sourceTree = "<group>"; };
		AC8C06821FF7DD7000018CFB /* ControlDeviceViewController.xib */ = {isa = PBXFileReference; lastKnownFileType = file.xib; path = ControlDeviceViewController.xib; sourceTree = "<group>"; };
		AC91804020006E4300D4502F /* ShopDetailViewController.swift */ = {isa = PBXFileReference; lastKnownFileType = sourcecode.swift; path = ShopDetailViewController.swift; sourceTree = "<group>"; };
		AC91804120006E4300D4502F /* ShopDetailViewController.xib */ = {isa = PBXFileReference; lastKnownFileType = file.xib; path = ShopDetailViewController.xib; sourceTree = "<group>"; };
		ACA136F31FEF4DE60088B2CC /* InstructionViewController.swift */ = {isa = PBXFileReference; lastKnownFileType = sourcecode.swift; path = InstructionViewController.swift; sourceTree = "<group>"; };
		ACA136F41FEF4DE60088B2CC /* InstructionViewController.xib */ = {isa = PBXFileReference; lastKnownFileType = file.xib; path = InstructionViewController.xib; sourceTree = "<group>"; };
		ACA136F71FEF50CC0088B2CC /* LocationService.swift */ = {isa = PBXFileReference; lastKnownFileType = sourcecode.swift; path = LocationService.swift; sourceTree = "<group>"; };
		ACA1C2101FF8750F00307B52 /* Shop.swift */ = {isa = PBXFileReference; lastKnownFileType = sourcecode.swift; path = Shop.swift; sourceTree = "<group>"; };
		ACA1C2141FF9E5F700307B52 /* YahooLocalManager.swift */ = {isa = PBXFileReference; lastKnownFileType = sourcecode.swift; path = YahooLocalManager.swift; sourceTree = "<group>"; };
		ACA481381FFA484D00BF4490 /* APIService.swift */ = {isa = PBXFileReference; lastKnownFileType = sourcecode.swift; path = APIService.swift; sourceTree = "<group>"; };
		ACA4813A1FFA543500BF4490 /* ShopListViewController.swift */ = {isa = PBXFileReference; lastKnownFileType = sourcecode.swift; path = ShopListViewController.swift; sourceTree = "<group>"; };
		BC457F5AB43D03C54F79CACB /* Pods-AllInOneUITests.debug.xcconfig */ = {isa = PBXFileReference; includeInIndex = 1; lastKnownFileType = text.xcconfig; name = "Pods-AllInOneUITests.debug.xcconfig"; path = "Pods/Target Support Files/Pods-AllInOneUITests/Pods-AllInOneUITests.debug.xcconfig"; sourceTree = "<group>"; };
		CFC3FBC77B36213AC35B8F33 /* Pods-AllInOneTests.debug.xcconfig */ = {isa = PBXFileReference; includeInIndex = 1; lastKnownFileType = text.xcconfig; name = "Pods-AllInOneTests.debug.xcconfig"; path = "Pods/Target Support Files/Pods-AllInOneTests/Pods-AllInOneTests.debug.xcconfig"; sourceTree = "<group>"; };
/* End PBXFileReference section */

/* Begin PBXFrameworksBuildPhase section */
		AC36D4ED1FEE00F500BF94E6 /* Frameworks */ = {
			isa = PBXFrameworksBuildPhase;
			buildActionMask = 2147483647;
			files = (
				2F2095E3FA390B84D3888B32 /* Pods_AllInOne.framework in Frameworks */,
			);
			runOnlyForDeploymentPostprocessing = 0;
		};
		AC36D5041FEE00F500BF94E6 /* Frameworks */ = {
			isa = PBXFrameworksBuildPhase;
			buildActionMask = 2147483647;
			files = (
				ED891551507B7A8700935000 /* Pods_AllInOneTests.framework in Frameworks */,
			);
			runOnlyForDeploymentPostprocessing = 0;
		};
		AC36D50F1FEE00F500BF94E6 /* Frameworks */ = {
			isa = PBXFrameworksBuildPhase;
			buildActionMask = 2147483647;
			files = (
				56AB66354DB80ADF29173D18 /* Pods_AllInOneUITests.framework in Frameworks */,
			);
			runOnlyForDeploymentPostprocessing = 0;
		};
/* End PBXFrameworksBuildPhase section */

/* Begin PBXGroup section */
		004EA12AAA10E2661D0E624D /* Pods */ = {
			isa = PBXGroup;
			children = (
				A1EC1572C6A57FC36781E13A /* Pods-AllInOne.debug.xcconfig */,
				00BAFDAED9F36B83F128F30F /* Pods-AllInOne.release.xcconfig */,
				CFC3FBC77B36213AC35B8F33 /* Pods-AllInOneTests.debug.xcconfig */,
				0714981BB38B47F71F9245D5 /* Pods-AllInOneTests.release.xcconfig */,
				BC457F5AB43D03C54F79CACB /* Pods-AllInOneUITests.debug.xcconfig */,
				4AB819DAA068D99AC45754AE /* Pods-AllInOneUITests.release.xcconfig */,
			);
			name = Pods;
			sourceTree = "<group>";
		};
		6516F8171FF50EEC00B1AC25 /* Configurations */ = {
			isa = PBXGroup;
			children = (
				65FE4A431FF3A0E2005BCBD5 /* Debug.xcconfig */,
				65FE4A441FF3A0EE005BCBD5 /* Release.xcconfig */,
			);
			path = Configurations;
			sourceTree = "<group>";
		};
		93783D00FC7ECCE51E81F4B8 /* Frameworks */ = {
			isa = PBXGroup;
			children = (
				7621C403D1A1EFDD3096FD0B /* Pods_AllInOne.framework */,
				04CF3148F81876E0E8452EEB /* Pods_AllInOneTests.framework */,
				5F28262368566F53FC7D712A /* Pods_AllInOneUITests.framework */,
			);
			name = Frameworks;
			sourceTree = "<group>";
		};
		AC36D4E71FEE00F500BF94E6 = {
			isa = PBXGroup;
			children = (
				AC36D4F21FEE00F500BF94E6 /* AllInOne */,
				AC36D50A1FEE00F500BF94E6 /* AllInOneTests */,
				AC36D5151FEE00F500BF94E6 /* AllInOneUITests */,
				AC36D4F11FEE00F500BF94E6 /* Products */,
				004EA12AAA10E2661D0E624D /* Pods */,
				93783D00FC7ECCE51E81F4B8 /* Frameworks */,
			);
			sourceTree = "<group>";
		};
		AC36D4F11FEE00F500BF94E6 /* Products */ = {
			isa = PBXGroup;
			children = (
				AC36D4F01FEE00F500BF94E6 /* AllInOne.app */,
				AC36D5071FEE00F500BF94E6 /* AllInOneTests.xctest */,
				AC36D5121FEE00F500BF94E6 /* AllInOneUITests.xctest */,
			);
			name = Products;
			sourceTree = "<group>";
		};
		AC36D4F21FEE00F500BF94E6 /* AllInOne */ = {
			isa = PBXGroup;
			children = (
				6516F8171FF50EEC00B1AC25 /* Configurations */,
				6516F8061FF4FB3700B1AC25 /* GoogleService-Info.plist */,
				AC36D4F31FEE00F500BF94E6 /* AppDelegate.swift */,
				AC36D4F51FEE00F500BF94E6 /* ViewController.swift */,
				AC36D4F71FEE00F500BF94E6 /* Main.storyboard */,
				AC36D4FD1FEE00F500BF94E6 /* Assets.xcassets */,
				AC36D4FF1FEE00F500BF94E6 /* LaunchScreen.storyboard */,
				AC36D5021FEE00F500BF94E6 /* Info.plist */,
				AC36D4FA1FEE00F500BF94E6 /* AllInOne.xcdatamodeld */,
				AC36D5281FEE0A5100BF94E6 /* MainViewController.swift */,
				AC86E0D21FEEBB3700427C30 /* app.plist */,
				AC36D5441FEE168A00BF94E6 /* Home */,
				AC36D5451FEE169200BF94E6 /* Map */,
				AC36D5461FEE16A800BF94E6 /* Schedule */,
				AC36D5471FEE16B000BF94E6 /* Settings */,
				AC706C0B2001211A008492B6 /* Data */,
				AC706C0C20012129008492B6 /* Manager */,
			);
			path = AllInOne;
			sourceTree = "<group>";
		};
		AC36D50A1FEE00F500BF94E6 /* AllInOneTests */ = {
			isa = PBXGroup;
			children = (
				AC36D50B1FEE00F500BF94E6 /* AllInOneTests.swift */,
				AC36D50D1FEE00F500BF94E6 /* Info.plist */,
			);
			path = AllInOneTests;
			sourceTree = "<group>";
		};
		AC36D5151FEE00F500BF94E6 /* AllInOneUITests */ = {
			isa = PBXGroup;
			children = (
				AC36D5161FEE00F500BF94E6 /* AllInOneUITests.swift */,
				AC36D5181FEE00F500BF94E6 /* Info.plist */,
			);
			path = AllInOneUITests;
			sourceTree = "<group>";
		};
		AC36D5441FEE168A00BF94E6 /* Home */ = {
			isa = PBXGroup;
			children = (
				AC36D52A1FEE0B6B00BF94E6 /* HomeViewController.swift */,
				AC36D52B1FEE0B6B00BF94E6 /* HomeViewController.xib */,
				AC36D5341FEE101F00BF94E6 /* HomeTableViewCell.swift */,
				AC36D5351FEE101F00BF94E6 /* HomeTableViewCell.xib */,
				AC36D54B1FEE4BB600BF94E6 /* DetailViewController.swift */,
				AC36D54C1FEE4BB600BF94E6 /* DetailViewController.xib */,
				AC706C132001DA2C008492B6 /* CameraViewController.swift */,
				AC706C142001DA2C008492B6 /* CameraViewController.xib */,
			);
			path = Home;
			sourceTree = "<group>";
		};
		AC36D5451FEE169200BF94E6 /* Map */ = {
			isa = PBXGroup;
			children = (
				AC36D5381FEE147000BF94E6 /* MapViewController.swift */,
				AC36D5391FEE147000BF94E6 /* MapViewController.xib */,
				ACA1C2101FF8750F00307B52 /* Shop.swift */,
				ACA4813A1FFA543500BF4490 /* ShopListViewController.swift */,
				65E0D3DB1FFF2A3E003B781E /* ShopListTableViewCell.swift */,
				65E0D3DC1FFF2A3E003B781E /* ShopListTableViewCell.xib */,
				AC91804020006E4300D4502F /* ShopDetailViewController.swift */,
				AC91804120006E4300D4502F /* ShopDetailViewController.xib */,
			);
			path = Map;
			sourceTree = "<group>";
		};
		AC36D5461FEE16A800BF94E6 /* Schedule */ = {
			isa = PBXGroup;
			children = (
				AC36D5401FEE157400BF94E6 /* ScheduleViewController.swift */,
				AC36D5411FEE157400BF94E6 /* ScheduleViewController.xib */,
				6516F80A1FF5028400B1AC25 /* ScheduleTableViewCell.swift */,
				6516F80B1FF5028400B1AC25 /* ScheduleTableViewCell.xib */,
				6516F8121FF5041400B1AC25 /* ScheduleAddViewController.swift */,
				6516F8131FF5041400B1AC25 /* ScheduleAddViewController.xib */,
				65AD08E720032C7C00DBD9E7 /* SignUpViewController.swift */,
				65AD08E820032C7C00DBD9E7 /* SignUpViewController.xib */,
				65AD08EB20032C9400DBD9E7 /* LogInViewController.swift */,
				65AD08EC20032C9400DBD9E7 /* LogInViewController.xib */,
				65AD08EF20032EC900DBD9E7 /* ResetPasswordViewController.swift */,
				65AD08F020032EC900DBD9E7 /* ResetPasswordViewController.xib */,
			);
			path = Schedule;
			sourceTree = "<group>";
		};
		AC36D5471FEE16B000BF94E6 /* Settings */ = {
			isa = PBXGroup;
			children = (
				AC36D53C1FEE153700BF94E6 /* SettingsViewController.swift */,
				AC36D53D1FEE153700BF94E6 /* SettingsViewController.xib */,
				AC86E0D41FEEBB5E00427C30 /* Settings.plist */,
				ACA136F31FEF4DE60088B2CC /* InstructionViewController.swift */,
				ACA136F41FEF4DE60088B2CC /* InstructionViewController.xib */,
				AC8C067D1FF7D15100018CFB /* QRCodeScanViewController.swift */,
				AC8C067E1FF7D15100018CFB /* QRCodeScanViewController.xib */,
				AC8C06811FF7DD7000018CFB /* ControlDeviceViewController.swift */,
				AC8C06821FF7DD7000018CFB /* ControlDeviceViewController.xib */,
				AC706C0F20012935008492B6 /* FavoriteShopViewController.swift */,
				AC706C1020012935008492B6 /* FavoriteShopViewController.xib */,
				AC706C172001E56D008492B6 /* PhotoPickerViewController.swift */,
				AC706C182001E56D008492B6 /* PhotoPickerViewController.xib */,
			);
			path = Settings;
			sourceTree = "<group>";
		};
		AC706C0B2001211A008492B6 /* Data */ = {
			isa = PBXGroup;
			children = (
				AC36D5491FEE226400BF94E6 /* HotArticle.swift */,
				6516F8081FF4FDB100B1AC25 /* Schedule.swift */,
			);
			path = Data;
			sourceTree = "<group>";
		};
		AC706C0C20012129008492B6 /* Manager */ = {
			isa = PBXGroup;
			children = (
				AC86E0CE1FEEAB2D00427C30 /* RestfulRequestManager.swift */,
				ACA136F71FEF50CC0088B2CC /* LocationService.swift */,
				ACA1C2141FF9E5F700307B52 /* YahooLocalManager.swift */,
				ACA481381FFA484D00BF4490 /* APIService.swift */,
				AC706C0D20012146008492B6 /* FavoriteManager.swift */,
			);
			path = Manager;
			sourceTree = "<group>";
		};
/* End PBXGroup section */

/* Begin PBXNativeTarget section */
		AC36D4EF1FEE00F500BF94E6 /* AllInOne */ = {
			isa = PBXNativeTarget;
			buildConfigurationList = AC36D51B1FEE00F500BF94E6 /* Build configuration list for PBXNativeTarget "AllInOne" */;
			buildPhases = (
				4072EC1BC746CB5EBC541021 /* [CP] Check Pods Manifest.lock */,
				AC36D4EC1FEE00F500BF94E6 /* Sources */,
				AC36D4ED1FEE00F500BF94E6 /* Frameworks */,
				AC36D4EE1FEE00F500BF94E6 /* Resources */,
				826161ADF87087AD4DD55DC2 /* [CP] Embed Pods Frameworks */,
				913E041085F753191F4AA402 /* [CP] Copy Pods Resources */,
				6516F8161FF50BEB00B1AC25 /* ShellScript */,
			);
			buildRules = (
			);
			dependencies = (
			);
			name = AllInOne;
			productName = AllInOne;
			productReference = AC36D4F01FEE00F500BF94E6 /* AllInOne.app */;
			productType = "com.apple.product-type.application";
		};
		AC36D5061FEE00F500BF94E6 /* AllInOneTests */ = {
			isa = PBXNativeTarget;
			buildConfigurationList = AC36D51E1FEE00F500BF94E6 /* Build configuration list for PBXNativeTarget "AllInOneTests" */;
			buildPhases = (
				C38AB272A2A734F06A6C663C /* [CP] Check Pods Manifest.lock */,
				AC36D5031FEE00F500BF94E6 /* Sources */,
				AC36D5041FEE00F500BF94E6 /* Frameworks */,
				AC36D5051FEE00F500BF94E6 /* Resources */,
				8F55DBF1D3AC15AA84928C8E /* [CP] Embed Pods Frameworks */,
				99198DC75F431549A4C0D80F /* [CP] Copy Pods Resources */,
			);
			buildRules = (
			);
			dependencies = (
				AC36D5091FEE00F500BF94E6 /* PBXTargetDependency */,
			);
			name = AllInOneTests;
			productName = AllInOneTests;
			productReference = AC36D5071FEE00F500BF94E6 /* AllInOneTests.xctest */;
			productType = "com.apple.product-type.bundle.unit-test";
		};
		AC36D5111FEE00F500BF94E6 /* AllInOneUITests */ = {
			isa = PBXNativeTarget;
			buildConfigurationList = AC36D5211FEE00F500BF94E6 /* Build configuration list for PBXNativeTarget "AllInOneUITests" */;
			buildPhases = (
				3AC984E2492252678E647A34 /* [CP] Check Pods Manifest.lock */,
				AC36D50E1FEE00F500BF94E6 /* Sources */,
				AC36D50F1FEE00F500BF94E6 /* Frameworks */,
				AC36D5101FEE00F500BF94E6 /* Resources */,
				D090DFA0A95C450554DDFF7D /* [CP] Embed Pods Frameworks */,
				F1AE4197B798B8EB8183CF60 /* [CP] Copy Pods Resources */,
			);
			buildRules = (
			);
			dependencies = (
				AC36D5141FEE00F500BF94E6 /* PBXTargetDependency */,
			);
			name = AllInOneUITests;
			productName = AllInOneUITests;
			productReference = AC36D5121FEE00F500BF94E6 /* AllInOneUITests.xctest */;
			productType = "com.apple.product-type.bundle.ui-testing";
		};
/* End PBXNativeTarget section */

/* Begin PBXProject section */
		AC36D4E81FEE00F500BF94E6 /* Project object */ = {
			isa = PBXProject;
			attributes = {
				LastSwiftUpdateCheck = 0920;
				LastUpgradeCheck = 0920;
				ORGANIZATIONNAME = cracktheterm;
				TargetAttributes = {
					AC36D4EF1FEE00F500BF94E6 = {
						CreatedOnToolsVersion = 9.2;
						ProvisioningStyle = Automatic;
					};
					AC36D5061FEE00F500BF94E6 = {
						CreatedOnToolsVersion = 9.2;
						ProvisioningStyle = Automatic;
						TestTargetID = AC36D4EF1FEE00F500BF94E6;
					};
					AC36D5111FEE00F500BF94E6 = {
						CreatedOnToolsVersion = 9.2;
						ProvisioningStyle = Automatic;
						TestTargetID = AC36D4EF1FEE00F500BF94E6;
					};
				};
			};
			buildConfigurationList = AC36D4EB1FEE00F500BF94E6 /* Build configuration list for PBXProject "AllInOne" */;
			compatibilityVersion = "Xcode 8.0";
			developmentRegion = en;
			hasScannedForEncodings = 0;
			knownRegions = (
				en,
				Base,
			);
			mainGroup = AC36D4E71FEE00F500BF94E6;
			productRefGroup = AC36D4F11FEE00F500BF94E6 /* Products */;
			projectDirPath = "";
			projectRoot = "";
			targets = (
				AC36D4EF1FEE00F500BF94E6 /* AllInOne */,
				AC36D5061FEE00F500BF94E6 /* AllInOneTests */,
				AC36D5111FEE00F500BF94E6 /* AllInOneUITests */,
			);
		};
/* End PBXProject section */

/* Begin PBXResourcesBuildPhase section */
		AC36D4EE1FEE00F500BF94E6 /* Resources */ = {
			isa = PBXResourcesBuildPhase;
			buildActionMask = 2147483647;
			files = (
				AC706C162001DA2C008492B6 /* CameraViewController.xib in Resources */,
				65AD08F220032EC900DBD9E7 /* ResetPasswordViewController.xib in Resources */,
				6516F8071FF4FB3700B1AC25 /* GoogleService-Info.plist in Resources */,
				AC86E0D31FEEBB3700427C30 /* app.plist in Resources */,
				AC36D5011FEE00F500BF94E6 /* LaunchScreen.storyboard in Resources */,
				AC8C06841FF7DD7000018CFB /* ControlDeviceViewController.xib in Resources */,
				65AD08EA20032C7C00DBD9E7 /* SignUpViewController.xib in Resources */,
				AC36D53B1FEE147000BF94E6 /* MapViewController.xib in Resources */,
				6516F80D1FF5028400B1AC25 /* ScheduleTableViewCell.xib in Resources */,
				65AD08EE20032C9400DBD9E7 /* LogInViewController.xib in Resources */,
				AC91804320006E4300D4502F /* ShopDetailViewController.xib in Resources */,
				AC86E0D51FEEBB5E00427C30 /* Settings.plist in Resources */,
				AC706C1220012935008492B6 /* FavoriteShopViewController.xib in Resources */,
				6516F8151FF5041400B1AC25 /* ScheduleAddViewController.xib in Resources */,
				AC36D4FE1FEE00F500BF94E6 /* Assets.xcassets in Resources */,
				AC36D4F91FEE00F500BF94E6 /* Main.storyboard in Resources */,
				AC36D54E1FEE4BB600BF94E6 /* DetailViewController.xib in Resources */,
				AC36D5371FEE101F00BF94E6 /* HomeTableViewCell.xib in Resources */,
				AC36D53F1FEE153700BF94E6 /* SettingsViewController.xib in Resources */,
				AC36D52D1FEE0B6B00BF94E6 /* HomeViewController.xib in Resources */,
				AC706C1A2001E56D008492B6 /* PhotoPickerViewController.xib in Resources */,
				AC36D5431FEE157400BF94E6 /* ScheduleViewController.xib in Resources */,
				ACA136F61FEF4DE60088B2CC /* InstructionViewController.xib in Resources */,
				AC8C06801FF7D15100018CFB /* QRCodeScanViewController.xib in Resources */,
				65E0D3DE1FFF2A3E003B781E /* ShopListTableViewCell.xib in Resources */,
			);
			runOnlyForDeploymentPostprocessing = 0;
		};
		AC36D5051FEE00F500BF94E6 /* Resources */ = {
			isa = PBXResourcesBuildPhase;
			buildActionMask = 2147483647;
			files = (
			);
			runOnlyForDeploymentPostprocessing = 0;
		};
		AC36D5101FEE00F500BF94E6 /* Resources */ = {
			isa = PBXResourcesBuildPhase;
			buildActionMask = 2147483647;
			files = (
			);
			runOnlyForDeploymentPostprocessing = 0;
		};
/* End PBXResourcesBuildPhase section */

/* Begin PBXShellScriptBuildPhase section */
		3AC984E2492252678E647A34 /* [CP] Check Pods Manifest.lock */ = {
			isa = PBXShellScriptBuildPhase;
			buildActionMask = 2147483647;
			files = (
			);
			inputPaths = (
				"${PODS_PODFILE_DIR_PATH}/Podfile.lock",
				"${PODS_ROOT}/Manifest.lock",
			);
			name = "[CP] Check Pods Manifest.lock";
			outputPaths = (
				"$(DERIVED_FILE_DIR)/Pods-AllInOneUITests-checkManifestLockResult.txt",
			);
			runOnlyForDeploymentPostprocessing = 0;
			shellPath = /bin/sh;
			shellScript = "diff \"${PODS_PODFILE_DIR_PATH}/Podfile.lock\" \"${PODS_ROOT}/Manifest.lock\" > /dev/null\nif [ $? != 0 ] ; then\n    # print error to STDERR\n    echo \"error: The sandbox is not in sync with the Podfile.lock. Run 'pod install' or update your CocoaPods installation.\" >&2\n    exit 1\nfi\n# This output is used by Xcode 'outputs' to avoid re-running this script phase.\necho \"SUCCESS\" > \"${SCRIPT_OUTPUT_FILE_0}\"\n";
			showEnvVarsInLog = 0;
		};
		4072EC1BC746CB5EBC541021 /* [CP] Check Pods Manifest.lock */ = {
			isa = PBXShellScriptBuildPhase;
			buildActionMask = 2147483647;
			files = (
			);
			inputPaths = (
				"${PODS_PODFILE_DIR_PATH}/Podfile.lock",
				"${PODS_ROOT}/Manifest.lock",
			);
			name = "[CP] Check Pods Manifest.lock";
			outputPaths = (
				"$(DERIVED_FILE_DIR)/Pods-AllInOne-checkManifestLockResult.txt",
			);
			runOnlyForDeploymentPostprocessing = 0;
			shellPath = /bin/sh;
			shellScript = "diff \"${PODS_PODFILE_DIR_PATH}/Podfile.lock\" \"${PODS_ROOT}/Manifest.lock\" > /dev/null\nif [ $? != 0 ] ; then\n    # print error to STDERR\n    echo \"error: The sandbox is not in sync with the Podfile.lock. Run 'pod install' or update your CocoaPods installation.\" >&2\n    exit 1\nfi\n# This output is used by Xcode 'outputs' to avoid re-running this script phase.\necho \"SUCCESS\" > \"${SCRIPT_OUTPUT_FILE_0}\"\n";
			showEnvVarsInLog = 0;
		};
		6516F8161FF50BEB00B1AC25 /* ShellScript */ = {
			isa = PBXShellScriptBuildPhase;
			buildActionMask = 2147483647;
			files = (
			);
			inputPaths = (
			);
			outputPaths = (
			);
			runOnlyForDeploymentPostprocessing = 0;
			shellPath = /bin/sh;
			shellScript = "\"${PODS_ROOT}/Fabric/run\" 67254ef91f74ff235e26ad1d24fc223eb36868fd fc5d80317064fe649515e8abf14f9b5e15dcc68d6b0af88191aec15c6aacdbff";
		};
		826161ADF87087AD4DD55DC2 /* [CP] Embed Pods Frameworks */ = {
			isa = PBXShellScriptBuildPhase;
			buildActionMask = 2147483647;
			files = (
			);
			inputPaths = (
				"${SRCROOT}/Pods/Target Support Files/Pods-AllInOne/Pods-AllInOne-frameworks.sh",
				"${BUILT_PRODUCTS_DIR}/GTMSessionFetcher/GTMSessionFetcher.framework",
				"${BUILT_PRODUCTS_DIR}/GoogleToolboxForMac/GoogleToolboxForMac.framework",
				"${BUILT_PRODUCTS_DIR}/ReachabilitySwift/Reachability.framework",
				"${BUILT_PRODUCTS_DIR}/SDWebImage/SDWebImage.framework",
				"${BUILT_PRODUCTS_DIR}/leveldb-library/leveldb.framework",
				"${BUILT_PRODUCTS_DIR}/nanopb/nanopb.framework",
			);
			name = "[CP] Embed Pods Frameworks";
			outputPaths = (
				"${TARGET_BUILD_DIR}/${FRAMEWORKS_FOLDER_PATH}/GTMSessionFetcher.framework",
				"${TARGET_BUILD_DIR}/${FRAMEWORKS_FOLDER_PATH}/GoogleToolboxForMac.framework",
				"${TARGET_BUILD_DIR}/${FRAMEWORKS_FOLDER_PATH}/Reachability.framework",
				"${TARGET_BUILD_DIR}/${FRAMEWORKS_FOLDER_PATH}/SDWebImage.framework",
				"${TARGET_BUILD_DIR}/${FRAMEWORKS_FOLDER_PATH}/leveldb.framework",
				"${TARGET_BUILD_DIR}/${FRAMEWORKS_FOLDER_PATH}/nanopb.framework",
			);
			runOnlyForDeploymentPostprocessing = 0;
			shellPath = /bin/sh;
			shellScript = "\"${SRCROOT}/Pods/Target Support Files/Pods-AllInOne/Pods-AllInOne-frameworks.sh\"\n";
			showEnvVarsInLog = 0;
		};
		8F55DBF1D3AC15AA84928C8E /* [CP] Embed Pods Frameworks */ = {
			isa = PBXShellScriptBuildPhase;
			buildActionMask = 2147483647;
			files = (
			);
			inputPaths = (
			);
			name = "[CP] Embed Pods Frameworks";
			outputPaths = (
			);
			runOnlyForDeploymentPostprocessing = 0;
			shellPath = /bin/sh;
			shellScript = "\"${SRCROOT}/Pods/Target Support Files/Pods-AllInOneTests/Pods-AllInOneTests-frameworks.sh\"\n";
			showEnvVarsInLog = 0;
		};
		913E041085F753191F4AA402 /* [CP] Copy Pods Resources */ = {
			isa = PBXShellScriptBuildPhase;
			buildActionMask = 2147483647;
			files = (
			);
			inputPaths = (
			);
			name = "[CP] Copy Pods Resources";
			outputPaths = (
			);
			runOnlyForDeploymentPostprocessing = 0;
			shellPath = /bin/sh;
			shellScript = "\"${SRCROOT}/Pods/Target Support Files/Pods-AllInOne/Pods-AllInOne-resources.sh\"\n";
			showEnvVarsInLog = 0;
		};
		99198DC75F431549A4C0D80F /* [CP] Copy Pods Resources */ = {
			isa = PBXShellScriptBuildPhase;
			buildActionMask = 2147483647;
			files = (
			);
			inputPaths = (
			);
			name = "[CP] Copy Pods Resources";
			outputPaths = (
			);
			runOnlyForDeploymentPostprocessing = 0;
			shellPath = /bin/sh;
			shellScript = "\"${SRCROOT}/Pods/Target Support Files/Pods-AllInOneTests/Pods-AllInOneTests-resources.sh\"\n";
			showEnvVarsInLog = 0;
		};
		C38AB272A2A734F06A6C663C /* [CP] Check Pods Manifest.lock */ = {
			isa = PBXShellScriptBuildPhase;
			buildActionMask = 2147483647;
			files = (
			);
			inputPaths = (
				"${PODS_PODFILE_DIR_PATH}/Podfile.lock",
				"${PODS_ROOT}/Manifest.lock",
			);
			name = "[CP] Check Pods Manifest.lock";
			outputPaths = (
				"$(DERIVED_FILE_DIR)/Pods-AllInOneTests-checkManifestLockResult.txt",
			);
			runOnlyForDeploymentPostprocessing = 0;
			shellPath = /bin/sh;
			shellScript = "diff \"${PODS_PODFILE_DIR_PATH}/Podfile.lock\" \"${PODS_ROOT}/Manifest.lock\" > /dev/null\nif [ $? != 0 ] ; then\n    # print error to STDERR\n    echo \"error: The sandbox is not in sync with the Podfile.lock. Run 'pod install' or update your CocoaPods installation.\" >&2\n    exit 1\nfi\n# This output is used by Xcode 'outputs' to avoid re-running this script phase.\necho \"SUCCESS\" > \"${SCRIPT_OUTPUT_FILE_0}\"\n";
			showEnvVarsInLog = 0;
		};
		D090DFA0A95C450554DDFF7D /* [CP] Embed Pods Frameworks */ = {
			isa = PBXShellScriptBuildPhase;
			buildActionMask = 2147483647;
			files = (
			);
			inputPaths = (
			);
			name = "[CP] Embed Pods Frameworks";
			outputPaths = (
			);
			runOnlyForDeploymentPostprocessing = 0;
			shellPath = /bin/sh;
			shellScript = "\"${SRCROOT}/Pods/Target Support Files/Pods-AllInOneUITests/Pods-AllInOneUITests-frameworks.sh\"\n";
			showEnvVarsInLog = 0;
		};
		F1AE4197B798B8EB8183CF60 /* [CP] Copy Pods Resources */ = {
			isa = PBXShellScriptBuildPhase;
			buildActionMask = 2147483647;
			files = (
			);
			inputPaths = (
			);
			name = "[CP] Copy Pods Resources";
			outputPaths = (
			);
			runOnlyForDeploymentPostprocessing = 0;
			shellPath = /bin/sh;
			shellScript = "\"${SRCROOT}/Pods/Target Support Files/Pods-AllInOneUITests/Pods-AllInOneUITests-resources.sh\"\n";
			showEnvVarsInLog = 0;
		};
/* End PBXShellScriptBuildPhase section */

/* Begin PBXSourcesBuildPhase section */
		AC36D4EC1FEE00F500BF94E6 /* Sources */ = {
			isa = PBXSourcesBuildPhase;
			buildActionMask = 2147483647;
			files = (
				ACA136F81FEF50CC0088B2CC /* LocationService.swift in Sources */,
				AC36D54D1FEE4BB600BF94E6 /* DetailViewController.swift in Sources */,
				AC36D52C1FEE0B6B00BF94E6 /* HomeViewController.swift in Sources */,
				ACA1C2111FF8750F00307B52 /* Shop.swift in Sources */,
				AC8C06831FF7DD7000018CFB /* ControlDeviceViewController.swift in Sources */,
				6516F8091FF4FDB100B1AC25 /* Schedule.swift in Sources */,
				AC36D53E1FEE153700BF94E6 /* SettingsViewController.swift in Sources */,
				65E0D3DD1FFF2A3E003B781E /* ShopListTableViewCell.swift in Sources */,
				AC706C1120012935008492B6 /* FavoriteShopViewController.swift in Sources */,
				AC86E0CF1FEEAB2D00427C30 /* RestfulRequestManager.swift in Sources */,
				AC706C192001E56D008492B6 /* PhotoPickerViewController.swift in Sources */,
				ACA1C2151FF9E5F700307B52 /* YahooLocalManager.swift in Sources */,
				6516F80C1FF5028400B1AC25 /* ScheduleTableViewCell.swift in Sources */,
				6516F8141FF5041400B1AC25 /* ScheduleAddViewController.swift in Sources */,
				AC36D5421FEE157400BF94E6 /* ScheduleViewController.swift in Sources */,
				AC91804220006E4300D4502F /* ShopDetailViewController.swift in Sources */,
				AC8C067F1FF7D15100018CFB /* QRCodeScanViewController.swift in Sources */,
				65AD08ED20032C9400DBD9E7 /* LogInViewController.swift in Sources */,
				AC36D4F61FEE00F500BF94E6 /* ViewController.swift in Sources */,
				65AD08F120032EC900DBD9E7 /* ResetPasswordViewController.swift in Sources */,
				ACA136F51FEF4DE60088B2CC /* InstructionViewController.swift in Sources */,
				AC36D53A1FEE147000BF94E6 /* MapViewController.swift in Sources */,
				AC36D4F41FEE00F500BF94E6 /* AppDelegate.swift in Sources */,
				ACA481391FFA484D00BF4490 /* APIService.swift in Sources */,
				AC36D5361FEE101F00BF94E6 /* HomeTableViewCell.swift in Sources */,
				AC36D4FC1FEE00F500BF94E6 /* AllInOne.xcdatamodeld in Sources */,
				65AD08E920032C7C00DBD9E7 /* SignUpViewController.swift in Sources */,
				AC36D54A1FEE226400BF94E6 /* HotArticle.swift in Sources */,
				AC706C0E20012146008492B6 /* FavoriteManager.swift in Sources */,
				AC706C152001DA2C008492B6 /* CameraViewController.swift in Sources */,
				ACA4813B1FFA543500BF4490 /* ShopListViewController.swift in Sources */,
				AC36D5291FEE0A5100BF94E6 /* MainViewController.swift in Sources */,
			);
			runOnlyForDeploymentPostprocessing = 0;
		};
		AC36D5031FEE00F500BF94E6 /* Sources */ = {
			isa = PBXSourcesBuildPhase;
			buildActionMask = 2147483647;
			files = (
				AC36D50C1FEE00F500BF94E6 /* AllInOneTests.swift in Sources */,
			);
			runOnlyForDeploymentPostprocessing = 0;
		};
		AC36D50E1FEE00F500BF94E6 /* Sources */ = {
			isa = PBXSourcesBuildPhase;
			buildActionMask = 2147483647;
			files = (
				AC36D5171FEE00F500BF94E6 /* AllInOneUITests.swift in Sources */,
			);
			runOnlyForDeploymentPostprocessing = 0;
		};
/* End PBXSourcesBuildPhase section */

/* Begin PBXTargetDependency section */
		AC36D5091FEE00F500BF94E6 /* PBXTargetDependency */ = {
			isa = PBXTargetDependency;
			target = AC36D4EF1FEE00F500BF94E6 /* AllInOne */;
			targetProxy = AC36D5081FEE00F500BF94E6 /* PBXContainerItemProxy */;
		};
		AC36D5141FEE00F500BF94E6 /* PBXTargetDependency */ = {
			isa = PBXTargetDependency;
			target = AC36D4EF1FEE00F500BF94E6 /* AllInOne */;
			targetProxy = AC36D5131FEE00F500BF94E6 /* PBXContainerItemProxy */;
		};
/* End PBXTargetDependency section */

/* Begin PBXVariantGroup section */
		AC36D4F71FEE00F500BF94E6 /* Main.storyboard */ = {
			isa = PBXVariantGroup;
			children = (
				AC36D4F81FEE00F500BF94E6 /* Base */,
			);
			name = Main.storyboard;
			sourceTree = "<group>";
		};
		AC36D4FF1FEE00F500BF94E6 /* LaunchScreen.storyboard */ = {
			isa = PBXVariantGroup;
			children = (
				AC36D5001FEE00F500BF94E6 /* Base */,
			);
			name = LaunchScreen.storyboard;
			sourceTree = "<group>";
		};
/* End PBXVariantGroup section */

/* Begin XCBuildConfiguration section */
		AC36D5191FEE00F500BF94E6 /* Debug */ = {
			isa = XCBuildConfiguration;
			baseConfigurationReference = 65FE4A431FF3A0E2005BCBD5 /* Debug.xcconfig */;
			buildSettings = {
				ALWAYS_SEARCH_USER_PATHS = NO;
				CLANG_ANALYZER_NONNULL = YES;
				CLANG_ANALYZER_NUMBER_OBJECT_CONVERSION = YES_AGGRESSIVE;
				CLANG_CXX_LANGUAGE_STANDARD = "gnu++14";
				CLANG_CXX_LIBRARY = "libc++";
				CLANG_ENABLE_MODULES = YES;
				CLANG_ENABLE_OBJC_ARC = YES;
				CLANG_WARN_BLOCK_CAPTURE_AUTORELEASING = YES;
				CLANG_WARN_BOOL_CONVERSION = YES;
				CLANG_WARN_COMMA = YES;
				CLANG_WARN_CONSTANT_CONVERSION = YES;
				CLANG_WARN_DIRECT_OBJC_ISA_USAGE = YES_ERROR;
				CLANG_WARN_DOCUMENTATION_COMMENTS = YES;
				CLANG_WARN_EMPTY_BODY = YES;
				CLANG_WARN_ENUM_CONVERSION = YES;
				CLANG_WARN_INFINITE_RECURSION = YES;
				CLANG_WARN_INT_CONVERSION = YES;
				CLANG_WARN_NON_LITERAL_NULL_CONVERSION = YES;
				CLANG_WARN_OBJC_LITERAL_CONVERSION = YES;
				CLANG_WARN_OBJC_ROOT_CLASS = YES_ERROR;
				CLANG_WARN_RANGE_LOOP_ANALYSIS = YES;
				CLANG_WARN_STRICT_PROTOTYPES = YES;
				CLANG_WARN_SUSPICIOUS_MOVE = YES;
				CLANG_WARN_UNGUARDED_AVAILABILITY = YES_AGGRESSIVE;
				CLANG_WARN_UNREACHABLE_CODE = YES;
				CLANG_WARN__DUPLICATE_METHOD_MATCH = YES;
				CODE_SIGN_IDENTITY = "iPhone Developer";
				COPY_PHASE_STRIP = NO;
				DEBUG_INFORMATION_FORMAT = dwarf;
				ENABLE_STRICT_OBJC_MSGSEND = YES;
				ENABLE_TESTABILITY = YES;
				GCC_C_LANGUAGE_STANDARD = gnu11;
				GCC_DYNAMIC_NO_PIC = NO;
				GCC_NO_COMMON_BLOCKS = YES;
				GCC_OPTIMIZATION_LEVEL = 0;
				GCC_PREPROCESSOR_DEFINITIONS = (
					"DEBUG=1",
					"$(inherited)",
				);
				GCC_WARN_64_TO_32_BIT_CONVERSION = YES;
				GCC_WARN_ABOUT_RETURN_TYPE = YES_ERROR;
				GCC_WARN_UNDECLARED_SELECTOR = YES;
				GCC_WARN_UNINITIALIZED_AUTOS = YES_AGGRESSIVE;
				GCC_WARN_UNUSED_FUNCTION = YES;
				GCC_WARN_UNUSED_VARIABLE = YES;
				IPHONEOS_DEPLOYMENT_TARGET = 10.0;
				MTL_ENABLE_DEBUG_INFO = YES;
				ONLY_ACTIVE_ARCH = YES;
				SDKROOT = iphoneos;
				SWIFT_ACTIVE_COMPILATION_CONDITIONS = DEBUG;
				SWIFT_OPTIMIZATION_LEVEL = "-Onone";
			};
			name = Debug;
		};
		AC36D51A1FEE00F500BF94E6 /* Release */ = {
			isa = XCBuildConfiguration;
			baseConfigurationReference = 65FE4A441FF3A0EE005BCBD5 /* Release.xcconfig */;
			buildSettings = {
				ALWAYS_SEARCH_USER_PATHS = NO;
				CLANG_ANALYZER_NONNULL = YES;
				CLANG_ANALYZER_NUMBER_OBJECT_CONVERSION = YES_AGGRESSIVE;
				CLANG_CXX_LANGUAGE_STANDARD = "gnu++14";
				CLANG_CXX_LIBRARY = "libc++";
				CLANG_ENABLE_MODULES = YES;
				CLANG_ENABLE_OBJC_ARC = YES;
				CLANG_WARN_BLOCK_CAPTURE_AUTORELEASING = YES;
				CLANG_WARN_BOOL_CONVERSION = YES;
				CLANG_WARN_COMMA = YES;
				CLANG_WARN_CONSTANT_CONVERSION = YES;
				CLANG_WARN_DIRECT_OBJC_ISA_USAGE = YES_ERROR;
				CLANG_WARN_DOCUMENTATION_COMMENTS = YES;
				CLANG_WARN_EMPTY_BODY = YES;
				CLANG_WARN_ENUM_CONVERSION = YES;
				CLANG_WARN_INFINITE_RECURSION = YES;
				CLANG_WARN_INT_CONVERSION = YES;
				CLANG_WARN_NON_LITERAL_NULL_CONVERSION = YES;
				CLANG_WARN_OBJC_LITERAL_CONVERSION = YES;
				CLANG_WARN_OBJC_ROOT_CLASS = YES_ERROR;
				CLANG_WARN_RANGE_LOOP_ANALYSIS = YES;
				CLANG_WARN_STRICT_PROTOTYPES = YES;
				CLANG_WARN_SUSPICIOUS_MOVE = YES;
				CLANG_WARN_UNGUARDED_AVAILABILITY = YES_AGGRESSIVE;
				CLANG_WARN_UNREACHABLE_CODE = YES;
				CLANG_WARN__DUPLICATE_METHOD_MATCH = YES;
				CODE_SIGN_IDENTITY = "iPhone Developer";
				COPY_PHASE_STRIP = NO;
				DEBUG_INFORMATION_FORMAT = "dwarf-with-dsym";
				ENABLE_NS_ASSERTIONS = NO;
				ENABLE_STRICT_OBJC_MSGSEND = YES;
				GCC_C_LANGUAGE_STANDARD = gnu11;
				GCC_NO_COMMON_BLOCKS = YES;
				GCC_WARN_64_TO_32_BIT_CONVERSION = YES;
				GCC_WARN_ABOUT_RETURN_TYPE = YES_ERROR;
				GCC_WARN_UNDECLARED_SELECTOR = YES;
				GCC_WARN_UNINITIALIZED_AUTOS = YES_AGGRESSIVE;
				GCC_WARN_UNUSED_FUNCTION = YES;
				GCC_WARN_UNUSED_VARIABLE = YES;
				IPHONEOS_DEPLOYMENT_TARGET = 10.0;
				MTL_ENABLE_DEBUG_INFO = NO;
				SDKROOT = iphoneos;
				SWIFT_OPTIMIZATION_LEVEL = "-Owholemodule";
				VALIDATE_PRODUCT = YES;
			};
			name = Release;
		};
		AC36D51C1FEE00F500BF94E6 /* Debug */ = {
			isa = XCBuildConfiguration;
			baseConfigurationReference = A1EC1572C6A57FC36781E13A /* Pods-AllInOne.debug.xcconfig */;
			buildSettings = {
				ASSETCATALOG_COMPILER_APPICON_NAME = "$(IS_APP_ICON)";
				CODE_SIGN_STYLE = Automatic;
				DEVELOPMENT_TEAM = G62233X968;
				INFOPLIST_FILE = AllInOne/Info.plist;
				IPHONEOS_DEPLOYMENT_TARGET = 10.0;
				LD_RUNPATH_SEARCH_PATHS = "$(inherited) @executable_path/Frameworks";
				PRODUCT_BUNDLE_IDENTIFIER = com.cracktheterm.AllInOne;
				PRODUCT_NAME = "$(TARGET_NAME)";
				SWIFT_VERSION = 4.0;
				TARGETED_DEVICE_FAMILY = "1,2";
			};
			name = Debug;
		};
		AC36D51D1FEE00F500BF94E6 /* Release */ = {
			isa = XCBuildConfiguration;
			baseConfigurationReference = 00BAFDAED9F36B83F128F30F /* Pods-AllInOne.release.xcconfig */;
			buildSettings = {
				ASSETCATALOG_COMPILER_APPICON_NAME = "$(IS_APP_ICON)";
				CODE_SIGN_STYLE = Automatic;
				DEVELOPMENT_TEAM = G62233X968;
				INFOPLIST_FILE = AllInOne/Info.plist;
				IPHONEOS_DEPLOYMENT_TARGET = 10.0;
				LD_RUNPATH_SEARCH_PATHS = "$(inherited) @executable_path/Frameworks";
				PRODUCT_BUNDLE_IDENTIFIER = com.cracktheterm.AllInOne;
				PRODUCT_NAME = "$(TARGET_NAME)";
				SWIFT_VERSION = 4.0;
				TARGETED_DEVICE_FAMILY = "1,2";
			};
			name = Release;
		};
		AC36D51F1FEE00F500BF94E6 /* Debug */ = {
			isa = XCBuildConfiguration;
			baseConfigurationReference = CFC3FBC77B36213AC35B8F33 /* Pods-AllInOneTests.debug.xcconfig */;
			buildSettings = {
				ALWAYS_EMBED_SWIFT_STANDARD_LIBRARIES = YES;
				BUNDLE_LOADER = "$(TEST_HOST)";
				CODE_SIGN_STYLE = Automatic;
				DEVELOPMENT_TEAM = G62233X968;
				INFOPLIST_FILE = AllInOneTests/Info.plist;
				LD_RUNPATH_SEARCH_PATHS = "$(inherited) @executable_path/Frameworks @loader_path/Frameworks";
				PRODUCT_BUNDLE_IDENTIFIER = com.cracktheterm.AllInOneTests;
				PRODUCT_NAME = "$(TARGET_NAME)";
				SWIFT_VERSION = 4.0;
				TARGETED_DEVICE_FAMILY = "1,2";
				TEST_HOST = "$(BUILT_PRODUCTS_DIR)/AllInOne.app/AllInOne";
			};
			name = Debug;
		};
		AC36D5201FEE00F500BF94E6 /* Release */ = {
			isa = XCBuildConfiguration;
			baseConfigurationReference = 0714981BB38B47F71F9245D5 /* Pods-AllInOneTests.release.xcconfig */;
			buildSettings = {
				ALWAYS_EMBED_SWIFT_STANDARD_LIBRARIES = YES;
				BUNDLE_LOADER = "$(TEST_HOST)";
				CODE_SIGN_STYLE = Automatic;
				DEVELOPMENT_TEAM = G62233X968;
				INFOPLIST_FILE = AllInOneTests/Info.plist;
				LD_RUNPATH_SEARCH_PATHS = "$(inherited) @executable_path/Frameworks @loader_path/Frameworks";
				PRODUCT_BUNDLE_IDENTIFIER = com.cracktheterm.AllInOneTests;
				PRODUCT_NAME = "$(TARGET_NAME)";
				SWIFT_VERSION = 4.0;
				TARGETED_DEVICE_FAMILY = "1,2";
				TEST_HOST = "$(BUILT_PRODUCTS_DIR)/AllInOne.app/AllInOne";
			};
			name = Release;
		};
		AC36D5221FEE00F500BF94E6 /* Debug */ = {
			isa = XCBuildConfiguration;
			baseConfigurationReference = BC457F5AB43D03C54F79CACB /* Pods-AllInOneUITests.debug.xcconfig */;
			buildSettings = {
				ALWAYS_EMBED_SWIFT_STANDARD_LIBRARIES = YES;
				CODE_SIGN_STYLE = Automatic;
				DEVELOPMENT_TEAM = G62233X968;
				INFOPLIST_FILE = AllInOneUITests/Info.plist;
				LD_RUNPATH_SEARCH_PATHS = "$(inherited) @executable_path/Frameworks @loader_path/Frameworks";
				PRODUCT_BUNDLE_IDENTIFIER = com.cracktheterm.AllInOneUITests;
				PRODUCT_NAME = "$(TARGET_NAME)";
				SWIFT_VERSION = 4.0;
				TARGETED_DEVICE_FAMILY = "1,2";
				TEST_TARGET_NAME = AllInOne;
			};
			name = Debug;
		};
		AC36D5231FEE00F500BF94E6 /* Release */ = {
			isa = XCBuildConfiguration;
			baseConfigurationReference = 4AB819DAA068D99AC45754AE /* Pods-AllInOneUITests.release.xcconfig */;
			buildSettings = {
				ALWAYS_EMBED_SWIFT_STANDARD_LIBRARIES = YES;
				CODE_SIGN_STYLE = Automatic;
				DEVELOPMENT_TEAM = G62233X968;
				INFOPLIST_FILE = AllInOneUITests/Info.plist;
				LD_RUNPATH_SEARCH_PATHS = "$(inherited) @executable_path/Frameworks @loader_path/Frameworks";
				PRODUCT_BUNDLE_IDENTIFIER = com.cracktheterm.AllInOneUITests;
				PRODUCT_NAME = "$(TARGET_NAME)";
				SWIFT_VERSION = 4.0;
				TARGETED_DEVICE_FAMILY = "1,2";
				TEST_TARGET_NAME = AllInOne;
			};
			name = Release;
		};
/* End XCBuildConfiguration section */

/* Begin XCConfigurationList section */
		AC36D4EB1FEE00F500BF94E6 /* Build configuration list for PBXProject "AllInOne" */ = {
			isa = XCConfigurationList;
			buildConfigurations = (
				AC36D5191FEE00F500BF94E6 /* Debug */,
				AC36D51A1FEE00F500BF94E6 /* Release */,
			);
			defaultConfigurationIsVisible = 0;
			defaultConfigurationName = Release;
		};
		AC36D51B1FEE00F500BF94E6 /* Build configuration list for PBXNativeTarget "AllInOne" */ = {
			isa = XCConfigurationList;
			buildConfigurations = (
				AC36D51C1FEE00F500BF94E6 /* Debug */,
				AC36D51D1FEE00F500BF94E6 /* Release */,
			);
			defaultConfigurationIsVisible = 0;
			defaultConfigurationName = Release;
		};
		AC36D51E1FEE00F500BF94E6 /* Build configuration list for PBXNativeTarget "AllInOneTests" */ = {
			isa = XCConfigurationList;
			buildConfigurations = (
				AC36D51F1FEE00F500BF94E6 /* Debug */,
				AC36D5201FEE00F500BF94E6 /* Release */,
			);
			defaultConfigurationIsVisible = 0;
			defaultConfigurationName = Release;
		};
		AC36D5211FEE00F500BF94E6 /* Build configuration list for PBXNativeTarget "AllInOneUITests" */ = {
			isa = XCConfigurationList;
			buildConfigurations = (
				AC36D5221FEE00F500BF94E6 /* Debug */,
				AC36D5231FEE00F500BF94E6 /* Release */,
			);
			defaultConfigurationIsVisible = 0;
			defaultConfigurationName = Release;
		};
/* End XCConfigurationList section */

/* Begin XCVersionGroup section */
		AC36D4FA1FEE00F500BF94E6 /* AllInOne.xcdatamodeld */ = {
			isa = XCVersionGroup;
			children = (
				AC36D4FB1FEE00F500BF94E6 /* AllInOne.xcdatamodel */,
			);
			currentVersion = AC36D4FB1FEE00F500BF94E6 /* AllInOne.xcdatamodel */;
			path = AllInOne.xcdatamodeld;
			sourceTree = "<group>";
			versionGroupType = wrapper.xcdatamodel;
		};
/* End XCVersionGroup section */
	};
	rootObject = AC36D4E81FEE00F500BF94E6 /* Project object */;
}
